
Microsoft Visual Studio Solution File, Format Version 12.00
# Visual Studio Version 17
VisualStudioVersion = 17.9.34622.214
MinimumVisualStudioVersion = 10.0.40219.1
Project("{FAE04EC0-301F-11D3-BF4B-00C04F79EFBC}") = "Zeugnis", "Zeugnis\Zeugnis.csproj", "{9A7EBA0E-41A2-470B-B977-C1616DD65245}"
EndProject
Global
	GlobalSection(SolutionConfigurationPlatforms) = preSolution
		Debug|Any CPU = Debug|Any CPU
		Release|Any CPU = Release|Any CPU
	EndGlobalSection
	GlobalSection(ProjectConfigurationPlatforms) = postSolution
		{9A7EBA0E-41A2-470B-B977-C1616DD65245}.Debug|Any CPU.ActiveCfg = Debug|Any CPU
		{9A7EBA0E-41A2-470B-B977-C1616DD65245}.Debug|Any CPU.Build.0 = Debug|Any CPU
		{9A7EBA0E-41A2-470B-B977-C1616DD65245}.Release|Any CPU.ActiveCfg = Release|Any CPU
		{9A7EBA0E-41A2-470B-B977-C1616DD65245}.Release|Any CPU.Build.0 = Release|Any CPU
	EndGlobalSection
	GlobalSection(SolutionProperties) = preSolution
		HideSolutionNode = FALSE
	EndGlobalSection
	GlobalSection(ExtensibilityGlobals) = postSolution
		SolutionGuid = {3C98AFFE-F8E1-42BD-ACCF-5F2CB21CBC9F}
	EndGlobalSection
EndGlobal
